
Microsoft Visual Studio Solution File, Format Version 12.00
# Visual Studio Version 16
VisualStudioVersion = 16.0.30804.86
MinimumVisualStudioVersion = 10.0.40219.1
Project("{FAE04EC0-301F-11D3-BF4B-00C04F79EFBC}") = "SuperAdventure", "SuperAdventure\SuperAdventure.csproj", "{B2EA744A-D789-4C40-B3AE-E58518195AB8}"
EndProject
Global
	GlobalSection(SolutionConfigurationPlatforms) = preSolution
		Debug|Any CPU = Debug|Any CPU
		Release|Any CPU = Release|Any CPU
	EndGlobalSection
	GlobalSection(ProjectConfigurationPlatforms) = postSolution
		{B2EA744A-D789-4C40-B3AE-E58518195AB8}.Debug|Any CPU.ActiveCfg = Debug|Any CPU
		{B2EA744A-D789-4C40-B3AE-E58518195AB8}.Debug|Any CPU.Build.0 = Debug|Any CPU
		{B2EA744A-D789-4C40-B3AE-E58518195AB8}.Release|Any CPU.ActiveCfg = Release|Any CPU
		{B2EA744A-D789-4C40-B3AE-E58518195AB8}.Release|Any CPU.Build.0 = Release|Any CPU
	EndGlobalSection
	GlobalSection(SolutionProperties) = preSolution
		HideSolutionNode = FALSE
	EndGlobalSection
	GlobalSection(ExtensibilityGlobals) = postSolution
		SolutionGuid = {67B44AD7-C277-4DE8-9FD0-CB98F91D6EE4}
	EndGlobalSection
EndGlobal
